
Microsoft Visual Studio Solution File, Format Version 12.00
# Visual Studio 14
VisualStudioVersion = 14.0.25420.1
MinimumVisualStudioVersion = 10.0.40219.1
Project("{FAE04EC0-301F-11D3-BF4B-00C04F79EFBC}") = "fakröriyel_iteratif", "fakröriyel_iteratif.csproj", "{AC66AEF3-A442-4E63-8126-F6C5823DE55E}"
EndProject
Global
	GlobalSection(SolutionConfigurationPlatforms) = preSolution
		Debug|Any CPU = Debug|Any CPU
		Release|Any CPU = Release|Any CPU
	EndGlobalSection
	GlobalSection(ProjectConfigurationPlatforms) = postSolution
		{AC66AEF3-A442-4E63-8126-F6C5823DE55E}.Debug|Any CPU.ActiveCfg = Debug|Any CPU
		{AC66AEF3-A442-4E63-8126-F6C5823DE55E}.Debug|Any CPU.Build.0 = Debug|Any CPU
		{AC66AEF3-A442-4E63-8126-F6C5823DE55E}.Release|Any CPU.ActiveCfg = Release|Any CPU
		{AC66AEF3-A442-4E63-8126-F6C5823DE55E}.Release|Any CPU.Build.0 = Release|Any CPU
	EndGlobalSection
	GlobalSection(SolutionProperties) = preSolution
		HideSolutionNode = FALSE
	EndGlobalSection
EndGlobal
